
Microsoft Visual Studio Solution File, Format Version 12.00
# Visual Studio Version 17
VisualStudioVersion = 17.0.32014.148
MinimumVisualStudioVersion = 10.0.40219.1
Project("{FAE04EC0-301F-11D3-BF4B-00C04F79EFBC}") = "AgreementWCF", "AgreementWCF\AgreementWCF.csproj", "{8FD5240D-D8FA-4B2D-B1BF-4567D01AB3C4}"
EndProject
Project("{FAE04EC0-301F-11D3-BF4B-00C04F79EFBC}") = "AgreementWPF", "AgreementWPF\AgreementWPF.csproj", "{FEB7EA42-5250-4FB7-951C-6D46DE44BA2B}"
EndProject
Global
	GlobalSection(SolutionConfigurationPlatforms) = preSolution
		Debug|Any CPU = Debug|Any CPU
		Release|Any CPU = Release|Any CPU
	EndGlobalSection
	GlobalSection(ProjectConfigurationPlatforms) = postSolution
		{8FD5240D-D8FA-4B2D-B1BF-4567D01AB3C4}.Debug|Any CPU.ActiveCfg = Debug|Any CPU
		{8FD5240D-D8FA-4B2D-B1BF-4567D01AB3C4}.Debug|Any CPU.Build.0 = Debug|Any CPU
		{8FD5240D-D8FA-4B2D-B1BF-4567D01AB3C4}.Release|Any CPU.ActiveCfg = Release|Any CPU
		{8FD5240D-D8FA-4B2D-B1BF-4567D01AB3C4}.Release|Any CPU.Build.0 = Release|Any CPU
		{FEB7EA42-5250-4FB7-951C-6D46DE44BA2B}.Debug|Any CPU.ActiveCfg = Debug|Any CPU
		{FEB7EA42-5250-4FB7-951C-6D46DE44BA2B}.Debug|Any CPU.Build.0 = Debug|Any CPU
		{FEB7EA42-5250-4FB7-951C-6D46DE44BA2B}.Release|Any CPU.ActiveCfg = Release|Any CPU
		{FEB7EA42-5250-4FB7-951C-6D46DE44BA2B}.Release|Any CPU.Build.0 = Release|Any CPU
	EndGlobalSection
	GlobalSection(SolutionProperties) = preSolution
		HideSolutionNode = FALSE
	EndGlobalSection
	GlobalSection(ExtensibilityGlobals) = postSolution
		SolutionGuid = {C2B47ABE-10D2-44DF-9CE0-DB4E0EA985ED}
	EndGlobalSection
EndGlobal
